// !$*UTF8*$!
{
	archiveVersion = 1;
	classes = {
	};
	objectVersion = 50;
	objects = {

/* Begin PBXBuildFile section */
		180C571E2406230900C015A3 /* AppDelegate.swift in Sources */ = {isa = PBXBuildFile; fileRef = 180C571D2406230900C015A3 /* AppDelegate.swift */; };
		180C57222406230900C015A3 /* ViewController.swift in Sources */ = {isa = PBXBuildFile; fileRef = 180C57212406230900C015A3 /* ViewController.swift */; };
		180C57252406230900C015A3 /* Main.storyboard in Resources */ = {isa = PBXBuildFile; fileRef = 180C57232406230900C015A3 /* Main.storyboard */; };
		180C57272406230B00C015A3 /* Assets.xcassets in Resources */ = {isa = PBXBuildFile; fileRef = 180C57262406230B00C015A3 /* Assets.xcassets */; };
		180C572A2406230B00C015A3 /* LaunchScreen.storyboard in Resources */ = {isa = PBXBuildFile; fileRef = 180C57282406230B00C015A3 /* LaunchScreen.storyboard */; };
		180C5733240628D700C015A3 /* ZXOrderMenu.swift in Sources */ = {isa = PBXBuildFile; fileRef = 180C5732240628D700C015A3 /* ZXOrderMenu.swift */; };
		180C573524062BE800C015A3 /* ShoppingCartController.swift in Sources */ = {isa = PBXBuildFile; fileRef = 180C573424062BE800C015A3 /* ShoppingCartController.swift */; };
		180C573924062CE700C015A3 /* ShoppingBar.swift in Sources */ = {isa = PBXBuildFile; fileRef = 180C573824062CE700C015A3 /* ShoppingBar.swift */; };
		180C573B24062D8800C015A3 /* Define.swift in Sources */ = {isa = PBXBuildFile; fileRef = 180C573A24062D8800C015A3 /* Define.swift */; };
		180C573E24063F0400C015A3 /* ShoppingBarMiddleView.swift in Sources */ = {isa = PBXBuildFile; fileRef = 180C573D24063F0400C015A3 /* ShoppingBarMiddleView.swift */; };
		180C574124064B4200C015A3 /* ShoppoingController.swift in Sources */ = {isa = PBXBuildFile; fileRef = 180C574024064B4200C015A3 /* ShoppoingController.swift */; };
/* End PBXBuildFile section */

/* Begin PBXFileReference section */
		180C571A2406230900C015A3 /* ZXOrderMenu.app */ = {isa = PBXFileReference; explicitFileType = wrapper.application; includeInIndex = 0; path = ZXOrderMenu.app; sourceTree = BUILT_PRODUCTS_DIR; };
		180C571D2406230900C015A3 /* AppDelegate.swift */ = {isa = PBXFileReference; lastKnownFileType = sourcecode.swift; path = AppDelegate.swift; sourceTree = "<group>"; };
		180C57212406230900C015A3 /* ViewController.swift */ = {isa = PBXFileReference; lastKnownFileType = sourcecode.swift; path = ViewController.swift; sourceTree = "<group>"; };
		180C57242406230900C015A3 /* Base */ = {isa = PBXFileReference; lastKnownFileType = file.storyboard; name = Base; path = Base.lproj/Main.storyboard; sourceTree = "<group>"; };
		180C57262406230B00C015A3 /* Assets.xcassets */ = {isa = PBXFileReference; lastKnownFileType = folder.assetcatalog; path = Assets.xcassets; sourceTree = "<group>"; };
		180C57292406230B00C015A3 /* Base */ = {isa = PBXFileReference; lastKnownFileType = file.storyboard; name = Base; path = Base.lproj/LaunchScreen.storyboard; sourceTree = "<group>"; };
		180C572B2406230B00C015A3 /* Info.plist */ = {isa = PBXFileReference; lastKnownFileType = text.plist.xml; path = Info.plist; sourceTree = "<group>"; };
		180C5732240628D700C015A3 /* ZXOrderMenu.swift */ = {isa = PBXFileReference; lastKnownFileType = sourcecode.swift; path = ZXOrderMenu.swift; sourceTree = "<group>"; };
		180C573424062BE800C015A3 /* ShoppingCartController.swift */ = {isa = PBXFileReference; lastKnownFileType = sourcecode.swift; path = ShoppingCartController.swift; sourceTree = "<group>"; };
		180C573824062CE700C015A3 /* ShoppingBar.swift */ = {isa = PBXFileReference; lastKnownFileType = sourcecode.swift; path = ShoppingBar.swift; sourceTree = "<group>"; };
		180C573A24062D8800C015A3 /* Define.swift */ = {isa = PBXFileReference; lastKnownFileType = sourcecode.swift; path = Define.swift; sourceTree = "<group>"; };
		180C573D24063F0400C015A3 /* ShoppingBarMiddleView.swift */ = {isa = PBXFileReference; lastKnownFileType = sourcecode.swift; path = ShoppingBarMiddleView.swift; sourceTree = "<group>"; };
		180C574024064B4200C015A3 /* ShoppoingController.swift */ = {isa = PBXFileReference; lastKnownFileType = sourcecode.swift; path = ShoppoingController.swift; sourceTree = "<group>"; };
/* End PBXFileReference section */

/* Begin PBXFrameworksBuildPhase section */
		180C57172406230900C015A3 /* Frameworks */ = {
			isa = PBXFrameworksBuildPhase;
			buildActionMask = 2147483647;
			files = (
			);
			runOnlyForDeploymentPostprocessing = 0;
		};
/* End PBXFrameworksBuildPhase section */

/* Begin PBXGroup section */
		180C57112406230900C015A3 = {
			isa = PBXGroup;
			children = (
				180C571C2406230900C015A3 /* ZXOrderMenu */,
				180C571B2406230900C015A3 /* Products */,
			);
			sourceTree = "<group>";
		};
		180C571B2406230900C015A3 /* Products */ = {
			isa = PBXGroup;
			children = (
				180C571A2406230900C015A3 /* ZXOrderMenu.app */,
			);
			name = Products;
			sourceTree = "<group>";
		};
		180C571C2406230900C015A3 /* ZXOrderMenu */ = {
			isa = PBXGroup;
			children = (
				180C57312406268900C015A3 /* ZXOrderMenu */,
				180C571D2406230900C015A3 /* AppDelegate.swift */,
				180C57212406230900C015A3 /* ViewController.swift */,
				180C57232406230900C015A3 /* Main.storyboard */,
				180C57262406230B00C015A3 /* Assets.xcassets */,
				180C57282406230B00C015A3 /* LaunchScreen.storyboard */,
				180C572B2406230B00C015A3 /* Info.plist */,
			);
			path = ZXOrderMenu;
			sourceTree = "<group>";
		};
		180C57312406268900C015A3 /* ZXOrderMenu */ = {
			isa = PBXGroup;
			children = (
				180C573F24064B2100C015A3 /* New Group */,
				180C573724062CA000C015A3 /* OrderMenu */,
				180C573624062C9100C015A3 /* ShoppingCart */,
				180C573A24062D8800C015A3 /* Define.swift */,
			);
			path = ZXOrderMenu;
			sourceTree = "<group>";
		};
		180C573624062C9100C015A3 /* ShoppingCart */ = {
			isa = PBXGroup;
			children = (
				180C573424062BE800C015A3 /* ShoppingCartController.swift */,
			);
			path = ShoppingCart;
			sourceTree = "<group>";
		};
		180C573724062CA000C015A3 /* OrderMenu */ = {
			isa = PBXGroup;
			children = (
				180C573C24063ED900C015A3 /* ShoppingBar */,
				180C5732240628D700C015A3 /* ZXOrderMenu.swift */,
				180C574024064B4200C015A3 /* ShoppoingController.swift */,
			);
			path = OrderMenu;
			sourceTree = "<group>";
		};
		180C573C24063ED900C015A3 /* ShoppingBar */ = {
			isa = PBXGroup;
			children = (
				180C573824062CE700C015A3 /* ShoppingBar.swift */,
				180C573D24063F0400C015A3 /* ShoppingBarMiddleView.swift */,
			);
			path = ShoppingBar;
			sourceTree = "<group>";
		};
		180C573F24064B2100C015A3 /* New Group */ = {
			isa = PBXGroup;
			children = (
			);
			path = "New Group";
			sourceTree = "<group>";
		};
/* End PBXGroup section */

/* Begin PBXNativeTarget section */
		180C57192406230900C015A3 /* ZXOrderMenu */ = {
			isa = PBXNativeTarget;
			buildConfigurationList = 180C572E2406230B00C015A3 /* Build configuration list for PBXNativeTarget "ZXOrderMenu" */;
			buildPhases = (
				180C57162406230900C015A3 /* Sources */,
				180C57172406230900C015A3 /* Frameworks */,
				180C57182406230900C015A3 /* Resources */,
			);
			buildRules = (
			);
			dependencies = (
			);
			name = ZXOrderMenu;
			productName = ZXOrderMenu;
			productReference = 180C571A2406230900C015A3 /* ZXOrderMenu.app */;
			productType = "com.apple.product-type.application";
		};
/* End PBXNativeTarget section */

/* Begin PBXProject section */
		180C57122406230900C015A3 /* Project object */ = {
			isa = PBXProject;
			attributes = {
				LastSwiftUpdateCheck = 1130;
				LastUpgradeCheck = 1130;
				ORGANIZATIONNAME = apple;
				TargetAttributes = {
					180C57192406230900C015A3 = {
						CreatedOnToolsVersion = 11.3;
					};
				};
			};
			buildConfigurationList = 180C57152406230900C015A3 /* Build configuration list for PBXProject "ZXOrderMenu" */;
			compatibilityVersion = "Xcode 9.3";
			developmentRegion = en;
			hasScannedForEncodings = 0;
			knownRegions = (
				en,
				Base,
			);
			mainGroup = 180C57112406230900C015A3;
			productRefGroup = 180C571B2406230900C015A3 /* Products */;
			projectDirPath = "";
			projectRoot = "";
			targets = (
				180C57192406230900C015A3 /* ZXOrderMenu */,
			);
		};
/* End PBXProject section */

/* Begin PBXResourcesBuildPhase section */
		180C57182406230900C015A3 /* Resources */ = {
			isa = PBXResourcesBuildPhase;
			buildActionMask = 2147483647;
			files = (
				180C572A2406230B00C015A3 /* LaunchScreen.storyboard in Resources */,
				180C57272406230B00C015A3 /* Assets.xcassets in Resources */,
				180C57252406230900C015A3 /* Main.storyboard in Resources */,
			);
			runOnlyForDeploymentPostprocessing = 0;
		};
/* End PBXResourcesBuildPhase section */

/* Begin PBXSourcesBuildPhase section */
		180C57162406230900C015A3 /* Sources */ = {
			isa = PBXSourcesBuildPhase;
			buildActionMask = 2147483647;
			files = (
				180C573E24063F0400C015A3 /* ShoppingBarMiddleView.swift in Sources */,
				180C573924062CE700C015A3 /* ShoppingBar.swift in Sources */,
				180C57222406230900C015A3 /* ViewController.swift in Sources */,
				180C573524062BE800C015A3 /* ShoppingCartController.swift in Sources */,
				180C571E2406230900C015A3 /* AppDelegate.swift in Sources */,
				180C573B24062D8800C015A3 /* Define.swift in Sources */,
				180C5733240628D700C015A3 /* ZXOrderMenu.swift in Sources */,
				180C574124064B4200C015A3 /* ShoppoingController.swift in Sources */,
			);
			runOnlyForDeploymentPostprocessing = 0;
		};
/* End PBXSourcesBuildPhase section */

/* Begin PBXVariantGroup section */
		180C57232406230900C015A3 /* Main.storyboard */ = {
			isa = PBXVariantGroup;
			children = (
				180C57242406230900C015A3 /* Base */,
			);
			name = Main.storyboard;
			sourceTree = "<group>";
		};
		180C57282406230B00C015A3 /* LaunchScreen.storyboard */ = {
			isa = PBXVariantGroup;
			children = (
				180C57292406230B00C015A3 /* Base */,
			);
			name = LaunchScreen.storyboard;
			sourceTree = "<group>";
		};
/* End PBXVariantGroup section */

/* Begin XCBuildConfiguration section */
		180C572C2406230B00C015A3 /* Debug */ = {
			isa = XCBuildConfiguration;
			buildSettings = {
				ALWAYS_SEARCH_USER_PATHS = NO;
				CLANG_ANALYZER_NONNULL = YES;
				CLANG_ANALYZER_NUMBER_OBJECT_CONVERSION = YES_AGGRESSIVE;
				CLANG_CXX_LANGUAGE_STANDARD = "gnu++14";
				CLANG_CXX_LIBRARY = "libc++";
				CLANG_ENABLE_MODULES = YES;
				CLANG_ENABLE_OBJC_ARC = YES;
				CLANG_ENABLE_OBJC_WEAK = YES;
				CLANG_WARN_BLOCK_CAPTURE_AUTORELEASING = YES;
				CLANG_WARN_BOOL_CONVERSION = YES;
				CLANG_WARN_COMMA = YES;
				CLANG_WARN_CONSTANT_CONVERSION = YES;
				CLANG_WARN_DEPRECATED_OBJC_IMPLEMENTATIONS = YES;
				CLANG_WARN_DIRECT_OBJC_ISA_USAGE = YES_ERROR;
				CLANG_WARN_DOCUMENTATION_COMMENTS = YES;
				CLANG_WARN_EMPTY_BODY = YES;
				CLANG_WARN_ENUM_CONVERSION = YES;
				CLANG_WARN_INFINITE_RECURSION = YES;
				CLANG_WARN_INT_CONVERSION = YES;
				CLANG_WARN_NON_LITERAL_NULL_CONVERSION = YES;
				CLANG_WARN_OBJC_IMPLICIT_RETAIN_SELF = YES;
				CLANG_WARN_OBJC_LITERAL_CONVERSION = YES;
				CLANG_WARN_OBJC_ROOT_CLASS = YES_ERROR;
				CLANG_WARN_RANGE_LOOP_ANALYSIS = YES;
				CLANG_WARN_STRICT_PROTOTYPES = YES;
				CLANG_WARN_SUSPICIOUS_MOVE = YES;
				CLANG_WARN_UNGUARDED_AVAILABILITY = YES_AGGRESSIVE;
				CLANG_WARN_UNREACHABLE_CODE = YES;
				CLANG_WARN__DUPLICATE_METHOD_MATCH = YES;
				COPY_PHASE_STRIP = NO;
				DEBUG_INFORMATION_FORMAT = dwarf;
				ENABLE_STRICT_OBJC_MSGSEND = YES;
				ENABLE_TESTABILITY = YES;
				GCC_C_LANGUAGE_STANDARD = gnu11;
				GCC_DYNAMIC_NO_PIC = NO;
				GCC_NO_COMMON_BLOCKS = YES;
				GCC_OPTIMIZATION_LEVEL = 0;
				GCC_PREPROCESSOR_DEFINITIONS = (
					"DEBUG=1",
					"$(inherited)",
				);
				GCC_WARN_64_TO_32_BIT_CONVERSION = YES;
				GCC_WARN_ABOUT_RETURN_TYPE = YES_ERROR;
				GCC_WARN_UNDECLARED_SELECTOR = YES;
				GCC_WARN_UNINITIALIZED_AUTOS = YES_AGGRESSIVE;
				GCC_WARN_UNUSED_FUNCTION = YES;
				GCC_WARN_UNUSED_VARIABLE = YES;
				IPHONEOS_DEPLOYMENT_TARGET = 13.2;
				MTL_ENABLE_DEBUG_INFO = INCLUDE_SOURCE;
				MTL_FAST_MATH = YES;
				ONLY_ACTIVE_ARCH = YES;
				SDKROOT = iphoneos;
				SWIFT_ACTIVE_COMPILATION_CONDITIONS = DEBUG;
				SWIFT_OPTIMIZATION_LEVEL = "-Onone";
			};
			name = Debug;
		};
		180C572D2406230B00C015A3 /* Release */ = {
			isa = XCBuildConfiguration;
			buildSettings = {
				ALWAYS_SEARCH_USER_PATHS = NO;
				CLANG_ANALYZER_NONNULL = YES;
				CLANG_ANALYZER_NUMBER_OBJECT_CONVERSION = YES_AGGRESSIVE;
				CLANG_CXX_LANGUAGE_STANDARD = "gnu++14";
				CLANG_CXX_LIBRARY = "libc++";
				CLANG_ENABLE_MODULES = YES;
				CLANG_ENABLE_OBJC_ARC = YES;
				CLANG_ENABLE_OBJC_WEAK = YES;
				CLANG_WARN_BLOCK_CAPTURE_AUTORELEASING = YES;
				CLANG_WARN_BOOL_CONVERSION = YES;
				CLANG_WARN_COMMA = YES;
				CLANG_WARN_CONSTANT_CONVERSION = YES;
				CLANG_WARN_DEPRECATED_OBJC_IMPLEMENTATIONS = YES;
				CLANG_WARN_DIRECT_OBJC_ISA_USAGE = YES_ERROR;
				CLANG_WARN_DOCUMENTATION_COMMENTS = YES;
				CLANG_WARN_EMPTY_BODY = YES;
				CLANG_WARN_ENUM_CONVERSION = YES;
				CLANG_WARN_INFINITE_RECURSION = YES;
				CLANG_WARN_INT_CONVERSION = YES;
				CLANG_WARN_NON_LITERAL_NULL_CONVERSION = YES;
				CLANG_WARN_OBJC_IMPLICIT_RETAIN_SELF = YES;
				CLANG_WARN_OBJC_LITERAL_CONVERSION = YES;
				CLANG_WARN_OBJC_ROOT_CLASS = YES_ERROR;
				CLANG_WARN_RANGE_LOOP_ANALYSIS = YES;
				CLANG_WARN_STRICT_PROTOTYPES = YES;
				CLANG_WARN_SUSPICIOUS_MOVE = YES;
				CLANG_WARN_UNGUARDED_AVAILABILITY = YES_AGGRESSIVE;
				CLANG_WARN_UNREACHABLE_CODE = YES;
				CLANG_WARN__DUPLICATE_METHOD_MATCH = YES;
				COPY_PHASE_STRIP = NO;
				DEBUG_INFORMATION_FORMAT = "dwarf-with-dsym";
				ENABLE_NS_ASSERTIONS = NO;
				ENABLE_STRICT_OBJC_MSGSEND = YES;
				GCC_C_LANGUAGE_STANDARD = gnu11;
				GCC_NO_COMMON_BLOCKS = YES;
				GCC_WARN_64_TO_32_BIT_CONVERSION = YES;
				GCC_WARN_ABOUT_RETURN_TYPE = YES_ERROR;
				GCC_WARN_UNDECLARED_SELECTOR = YES;
				GCC_WARN_UNINITIALIZED_AUTOS = YES_AGGRESSIVE;
				GCC_WARN_UNUSED_FUNCTION = YES;
				GCC_WARN_UNUSED_VARIABLE = YES;
				IPHONEOS_DEPLOYMENT_TARGET = 13.2;
				MTL_ENABLE_DEBUG_INFO = NO;
				MTL_FAST_MATH = YES;
				SDKROOT = iphoneos;
				SWIFT_COMPILATION_MODE = wholemodule;
				SWIFT_OPTIMIZATION_LEVEL = "-O";
				VALIDATE_PRODUCT = YES;
			};
			name = Release;
		};
		180C572F2406230B00C015A3 /* Debug */ = {
			isa = XCBuildConfiguration;
			buildSettings = {
				ASSETCATALOG_COMPILER_APPICON_NAME = AppIcon;
				CODE_SIGN_STYLE = Automatic;
				DEVELOPMENT_TEAM = 8W6BQ9D27A;
				INFOPLIST_FILE = ZXOrderMenu/Info.plist;
				IPHONEOS_DEPLOYMENT_TARGET = 9.0;
				LD_RUNPATH_SEARCH_PATHS = (
					"$(inherited)",
					"@executable_path/Frameworks",
				);
				PRODUCT_BUNDLE_IDENTIFIER = com.DGLine.ZXOrderMenu;
				PRODUCT_NAME = "$(TARGET_NAME)";
				SWIFT_VERSION = 5.0;
				TARGETED_DEVICE_FAMILY = "1,2";
			};
			name = Debug;
		};
		180C57302406230B00C015A3 /* Release */ = {
			isa = XCBuildConfiguration;
			buildSettings = {
				ASSETCATALOG_COMPILER_APPICON_NAME = AppIcon;
				CODE_SIGN_STYLE = Automatic;
				DEVELOPMENT_TEAM = 8W6BQ9D27A;
				INFOPLIST_FILE = ZXOrderMenu/Info.plist;
				IPHONEOS_DEPLOYMENT_TARGET = 9.0;
				LD_RUNPATH_SEARCH_PATHS = (
					"$(inherited)",
					"@executable_path/Frameworks",
				);
				PRODUCT_BUNDLE_IDENTIFIER = com.DGLine.ZXOrderMenu;
				PRODUCT_NAME = "$(TARGET_NAME)";
				SWIFT_VERSION = 5.0;
				TARGETED_DEVICE_FAMILY = "1,2";
			};
			name = Release;
		};
/* End XCBuildConfiguration section */

/* Begin XCConfigurationList section */
		180C57152406230900C015A3 /* Build configuration list for PBXProject "ZXOrderMenu" */ = {
			isa = XCConfigurationList;
			buildConfigurations = (
				180C572C2406230B00C015A3 /* Debug */,
				180C572D2406230B00C015A3 /* Release */,
			);
			defaultConfigurationIsVisible = 0;
			defaultConfigurationName = Release;
		};
		180C572E2406230B00C015A3 /* Build configuration list for PBXNativeTarget "ZXOrderMenu" */ = {
			isa = XCConfigurationList;
			buildConfigurations = (
				180C572F2406230B00C015A3 /* Debug */,
				180C57302406230B00C015A3 /* Release */,
			);
			defaultConfigurationIsVisible = 0;
			defaultConfigurationName = Release;
		};
/* End XCConfigurationList section */
	};
	rootObject = 180C57122406230900C015A3 /* Project object */;
}
